
Microsoft Visual Studio Solution File, Format Version 11.00
# Visual Studio 2010
Project("{8BC9CEB8-8B4A-11D0-8D11-00A0C91BC942}") = "mase_bc2", "mase_bc2.vcxproj", "{F1E2E616-FCD4-4FA1-8770-A736C950C334}"
EndProject
Global
	GlobalSection(SolutionConfigurationPlatforms) = preSolution
		Debug|Win32 = Debug|Win32
		Release|Win32 = Release|Win32
	EndGlobalSection
	GlobalSection(ProjectConfigurationPlatforms) = postSolution
		{F1E2E616-FCD4-4FA1-8770-A736C950C334}.Debug|Win32.ActiveCfg = Debug|Win32
		{F1E2E616-FCD4-4FA1-8770-A736C950C334}.Debug|Win32.Build.0 = Debug|Win32
		{F1E2E616-FCD4-4FA1-8770-A736C950C334}.Release|Win32.ActiveCfg = Release|Win32
		{F1E2E616-FCD4-4FA1-8770-A736C950C334}.Release|Win32.Build.0 = Release|Win32
	EndGlobalSection
	GlobalSection(SolutionProperties) = preSolution
		HideSolutionNode = FALSE
	EndGlobalSection
EndGlobal
